
Microsoft Visual Studio Solution File, Format Version 12.00
# Visual Studio Version 17
VisualStudioVersion = 17.10.35013.160
MinimumVisualStudioVersion = 10.0.40219.1
Project("{FAE04EC0-301F-11D3-BF4B-00C04F79EFBC}") = "PracticeLinqGroup", "PracticeLinqGroup\PracticeLinqGroup.csproj", "{4E7CBCB4-DBC6-48BD-A304-2D6F182BB16B}"
EndProject
Global
	GlobalSection(SolutionConfigurationPlatforms) = preSolution
		Debug|Any CPU = Debug|Any CPU
		Release|Any CPU = Release|Any CPU
	EndGlobalSection
	GlobalSection(ProjectConfigurationPlatforms) = postSolution
		{4E7CBCB4-DBC6-48BD-A304-2D6F182BB16B}.Debug|Any CPU.ActiveCfg = Debug|Any CPU
		{4E7CBCB4-DBC6-48BD-A304-2D6F182BB16B}.Debug|Any CPU.Build.0 = Debug|Any CPU
		{4E7CBCB4-DBC6-48BD-A304-2D6F182BB16B}.Release|Any CPU.ActiveCfg = Release|Any CPU
		{4E7CBCB4-DBC6-48BD-A304-2D6F182BB16B}.Release|Any CPU.Build.0 = Release|Any CPU
	EndGlobalSection
	GlobalSection(SolutionProperties) = preSolution
		HideSolutionNode = FALSE
	EndGlobalSection
	GlobalSection(ExtensibilityGlobals) = postSolution
		SolutionGuid = {E8847326-4CB3-459F-99D2-B6FE9A7F2E48}
	EndGlobalSection
EndGlobal
